{
  "name": "troubleshoot.sh",
  "version": "0.0.0",
  "lockfileVersion": 3,
  "requires": true,
  "packages": {
    "": {
      "version": "0.0.0",
      "hasInstallScript": true,
      "workspaces": [
        "generate-specs"
      ],
      "dependencies": {
        "js-yaml": "^4.1.0",
        "netlify-plugin-gatsby-yarn-cache": "^0.1.1"
      }
    },
    "generate-specs": {
      "name": "marketing",
      "version": "0.0.0",
      "dependencies": {
        "js-yaml": "^4.1.0",
        "lodash": "^4.17.21"
      }
    },
    "node_modules/js-yaml": {
      "version": "4.1.0",
      "license": "MIT",
      "dependencies": {
        "argparse": "^2.0.1"
      },
      "bin": {
        "js-yaml": "bin/js-yaml.js"
      }
    },
    "node_modules/js-yaml/node_modules/argparse": {
      "version": "2.0.1",
      "license": "Python-2.0"
    },
    "node_modules/lodash": {
      "version": "4.17.21",
      "license": "MIT"
    },
    "node_modules/marketing": {
      "resolved": "generate-specs",
      "link": true
    },
    "node_modules/netlify-plugin-gatsby-yarn-cache": {
      "version": "0.1.1",
      "license": "MIT"
    }
  }
}
